
Microsoft Visual Studio Solution File, Format Version 12.00
# Visual Studio Version 17
VisualStudioVersion = 17.9.34902.65
MinimumVisualStudioVersion = 10.0.40219.1
Project("{FAE04EC0-301F-11D3-BF4B-00C04F79EFBC}") = "HobbyUppgiftMK", "HobbyUppgiftMK.csproj", "{D2364169-20DB-458F-9284-494539A22A04}"
EndProject
Global
	GlobalSection(SolutionConfigurationPlatforms) = preSolution
		Debug|Any CPU = Debug|Any CPU
		Release|Any CPU = Release|Any CPU
	EndGlobalSection
	GlobalSection(ProjectConfigurationPlatforms) = postSolution
		{D2364169-20DB-458F-9284-494539A22A04}.Debug|Any CPU.ActiveCfg = Debug|Any CPU
		{D2364169-20DB-458F-9284-494539A22A04}.Debug|Any CPU.Build.0 = Debug|Any CPU
		{D2364169-20DB-458F-9284-494539A22A04}.Release|Any CPU.ActiveCfg = Release|Any CPU
		{D2364169-20DB-458F-9284-494539A22A04}.Release|Any CPU.Build.0 = Release|Any CPU
	EndGlobalSection
	GlobalSection(SolutionProperties) = preSolution
		HideSolutionNode = FALSE
	EndGlobalSection
	GlobalSection(ExtensibilityGlobals) = postSolution
		SolutionGuid = {303BD02E-CA1C-46CF-8617-F342B21B3EE4}
	EndGlobalSection
EndGlobal
